
Microsoft Visual Studio Solution File, Format Version 12.00
# Visual Studio Version 17
VisualStudioVersion = 17.14.36414.22
MinimumVisualStudioVersion = 10.0.40219.1
Project("{2150E333-8FDC-42A3-9474-1A3956D46DE8}") = "Task0", "Task0", "{36D591C7-65C7-A0D1-1CBC-10CDE441BDC8}"
EndProject
Project("{FAE04EC0-301F-11D3-BF4B-00C04F79EFBC}") = "Tyuiu.SimkinOA.Sprint2.Task0.V13", "Tyuiu.SimkinOA.Sprint2.Task0.V13\Tyuiu.SimkinOA.Sprint2.Task0.V13.csproj", "{E0933C2D-513A-4CEE-A70C-1AAB195033EB}"
EndProject
Project("{FAE04EC0-301F-11D3-BF4B-00C04F79EFBC}") = "Tyuiu.SimkinOA.Sprint2.Task0.V13.Lib", "Tyuiu.SimkinOA.Sprint2.Task0.V13.Lib\Tyuiu.SimkinOA.Sprint2.Task0.V13.Lib.csproj", "{F85C7C05-154B-4E4F-95BA-6E6D502964C9}"
EndProject
Project("{FAE04EC0-301F-11D3-BF4B-00C04F79EFBC}") = "Tyuiu.SimkinOA.Sprint2.Task0.V13.Test", "Tyuiu.SimkinOA.Sprint2.Task0.V13.Test\Tyuiu.SimkinOA.Sprint2.Task0.V13.Test.csproj", "{6F050B56-94B8-4A2B-97F5-92262F337211}"
EndProject
Project("{2150E333-8FDC-42A3-9474-1A3956D46DE8}") = "Task1", "Task1", "{AF5A3417-8F48-4A0B-A002-EEBE33926A99}"
EndProject
Project("{FAE04EC0-301F-11D3-BF4B-00C04F79EFBC}") = "Tyuiu.SimkinOA.Sprint2.Task1.V6", "Tyuiu.SimkinOA.Sprint2.Task1.V6\Tyuiu.SimkinOA.Sprint2.Task1.V6.csproj", "{01A8FDF8-7210-448C-8067-97B5BF5B7CB2}"
EndProject
Project("{FAE04EC0-301F-11D3-BF4B-00C04F79EFBC}") = "Tyuiu.SimkinOA.Sprint2.Task1.V6.Lib", "Tyuiu.SimkinOA.Sprint2.Task1.V6.Lib\Tyuiu.SimkinOA.Sprint2.Task1.V6.Lib.csproj", "{20EA1079-838D-4ABE-A2B1-0F72289FAA95}"
EndProject
Project("{FAE04EC0-301F-11D3-BF4B-00C04F79EFBC}") = "Tyuiu.SimkinOA.Sprint2.Task1.V6.Test", "Tyuiu.SimkinOA.Sprint2.Task1.V6.Test\Tyuiu.SimkinOA.Sprint2.Task1.V6.Test.csproj", "{3B345DE9-157F-4956-9E5F-CEA902FBDB8E}"
EndProject
Project("{2150E333-8FDC-42A3-9474-1A3956D46DE8}") = "Task2", "Task2", "{BA59766C-E5B7-4AB1-AC96-7F3EF83C1380}"
EndProject
Project("{FAE04EC0-301F-11D3-BF4B-00C04F79EFBC}") = "Tyuiu.SimkinOA.Sprint2.Task2.V5", "Tyuiu.SimkinOA.Sprint2.Task2.V5\Tyuiu.SimkinOA.Sprint2.Task2.V5.csproj", "{7605901D-2446-461A-B83F-AFAF7BE2EAAB}"
EndProject
Project("{FAE04EC0-301F-11D3-BF4B-00C04F79EFBC}") = "Tyuiu.SimkinOA.Sprint2.Task2.V5.Lib", "Tyuiu.SimkinOA.Sprint2.Task2.V5.Lib\Tyuiu.SimkinOA.Sprint2.Task2.V5.Lib.csproj", "{978239E4-4B13-4D97-8497-87DEB9B8C25E}"
EndProject
Project("{FAE04EC0-301F-11D3-BF4B-00C04F79EFBC}") = "Tyuiu.SimkinOA.Sprint2.Task2.V5.Test", "Tyuiu.SimkinOA.Sprint2.Task2.V5.Test\Tyuiu.SimkinOA.Sprint2.Task2.V5.Test.csproj", "{EA8FD7DB-78EC-4300-BB05-7C3B571C5CE3}"
EndProject
Project("{2150E333-8FDC-42A3-9474-1A3956D46DE8}") = "Task3", "Task3", "{B53C9FC7-9A14-4526-A170-ECD37DD9404D}"
EndProject
Project("{FAE04EC0-301F-11D3-BF4B-00C04F79EFBC}") = "Tyuiu.SimkinOA.Sprint2.Task3.V28", "Tyuiu.SimkinOA.Sprint2.Task3.V28\Tyuiu.SimkinOA.Sprint2.Task3.V28.csproj", "{0FD94970-95F1-47D9-8D9C-9739568D2BC8}"
EndProject
Project("{FAE04EC0-301F-11D3-BF4B-00C04F79EFBC}") = "Tyuiu.SimkinOA.Sprint2.Task3.V28.Lib", "Tyuiu.SimkinOA.Sprint2.Task3.V28.Lib\Tyuiu.SimkinOA.Sprint2.Task3.V28.Lib.csproj", "{96128223-C252-4097-9A16-6026177CE750}"
EndProject
Project("{FAE04EC0-301F-11D3-BF4B-00C04F79EFBC}") = "Tyuiu.SimkinOA.Sprint2.Task3.V28.Test", "Tyuiu.SimkinOA.Sprint2.Task3.V28.Test\Tyuiu.SimkinOA.Sprint2.Task3.V28.Test.csproj", "{AAA47CA9-2BE4-46C9-A40B-9734EFB65DA2}"
EndProject
Project("{2150E333-8FDC-42A3-9474-1A3956D46DE8}") = "Task4", "Task4", "{D17E9AF8-8413-462E-B6A5-D8E431BBF558}"
EndProject
Project("{FAE04EC0-301F-11D3-BF4B-00C04F79EFBC}") = "Tyuiu.SimkinOA.Sprint2.Task4.V1.Lib", "Tyuiu.SimkinOA.Sprint2.Task4.V1.Lib\Tyuiu.SimkinOA.Sprint2.Task4.V1.Lib.csproj", "{D0503E86-2229-4A24-9040-BC6E268E32AE}"
EndProject
Project("{FAE04EC0-301F-11D3-BF4B-00C04F79EFBC}") = "Tyuiu.SimkinOA.Sprint2.Task4.V1", "Tyuiu.SimkinOA.Sprint2.Task4.V1\Tyuiu.SimkinOA.Sprint2.Task4.V1.csproj", "{0A877983-973A-443C-BB29-FA0E5A80C207}"
EndProject
Project("{FAE04EC0-301F-11D3-BF4B-00C04F79EFBC}") = "Tyuiu.SimkinOA.Sprint2.Task4.V1.Test", "Tyuiu.SimkinOA.Sprint2.Task4.V1.Test\Tyuiu.SimkinOA.Sprint2.Task4.V1.Test.csproj", "{FBD74803-4214-4DB2-8F99-7AD6B5797A79}"
EndProject
Project("{2150E333-8FDC-42A3-9474-1A3956D46DE8}") = "Task5", "Task5", "{8A59659C-14F0-4987-A05E-7410251F2298}"
EndProject
Project("{FAE04EC0-301F-11D3-BF4B-00C04F79EFBC}") = "Tyuiu.SimkinOA.Sprint2.Task5.V3", "Tyuiu.SimkinOA.Sprint2.Task5.V3\Tyuiu.SimkinOA.Sprint2.Task5.V3.csproj", "{7654F353-1CA6-4F7D-9BF4-93C6354C439C}"
EndProject
Project("{FAE04EC0-301F-11D3-BF4B-00C04F79EFBC}") = "Tyuiu.SimkinOA.Sprint2.Task5.V3.Lib", "Tyuiu.SimkinOA.Sprint2.Task5.V3.Lib\Tyuiu.SimkinOA.Sprint2.Task5.V3.Lib.csproj", "{12322AEF-8E0F-4F53-A09D-BA8EA27ED422}"
EndProject
Project("{FAE04EC0-301F-11D3-BF4B-00C04F79EFBC}") = "Tyuiu.SimkinOA.Sprint2.Task5.V3.Test", "Tyuiu.SimkinOA.Sprint2.Task5.V3.Test\Tyuiu.SimkinOA.Sprint2.Task5.V3.Test.csproj", "{50F988A1-C488-43E7-89CE-FAEC280626FC}"
EndProject
Project("{2150E333-8FDC-42A3-9474-1A3956D46DE8}") = "Task6", "Task6", "{26F8BAE6-AA14-4439-A2E8-451E31C28B75}"
EndProject
Project("{FAE04EC0-301F-11D3-BF4B-00C04F79EFBC}") = "Tyuiu.SimkinOA.Sprint2.Task6.V3", "Tyuiu.SimkinOA.Sprint2.Task6.V3\Tyuiu.SimkinOA.Sprint2.Task6.V3.csproj", "{2BC8E685-581C-4537-A2C6-0D936FD7D55E}"
EndProject
Project("{FAE04EC0-301F-11D3-BF4B-00C04F79EFBC}") = "Tyuiu.SimkinOA.Sprint2.Task6.V3.Lib", "Tyuiu.SimkinOA.Sprint2.Task6.V3.Lib\Tyuiu.SimkinOA.Sprint2.Task6.V3.Lib.csproj", "{12D7A4BE-BCE3-4514-83E9-567B6F46FE61}"
EndProject
Project("{FAE04EC0-301F-11D3-BF4B-00C04F79EFBC}") = "Tyuiu.SimkinOA.Sprint2.Task6.V3.Test", "Tyuiu.SimkinOA.Sprint2.Task6.V3.Test\Tyuiu.SimkinOA.Sprint2.Task6.V3.Test.csproj", "{DD3655D8-3B2F-47E1-AD6F-41555E52A867}"
EndProject
Project("{2150E333-8FDC-42A3-9474-1A3956D46DE8}") = "Task7", "Task7", "{5F9921E6-AA0B-4C68-9AD2-5163820EE800}"
EndProject
Project("{FAE04EC0-301F-11D3-BF4B-00C04F79EFBC}") = "Tyuiu.SimkinOA.Sprint2.Task7.V14", "Tyuiu.SimkinOA.Sprint2.Task7.V14\Tyuiu.SimkinOA.Sprint2.Task7.V14.csproj", "{F8B9A69D-FD85-4A61-9612-E531D5BA396B}"
EndProject
Project("{FAE04EC0-301F-11D3-BF4B-00C04F79EFBC}") = "Tyuiu.SimkinOA.Sprint2.Task7.V14.Lib", "Tyuiu.SimkinOA.Sprint2.Task7.V14.Lib\Tyuiu.SimkinOA.Sprint2.Task7.V14.Lib.csproj", "{96FDB491-A586-48CA-AFAA-88689DBE1AD5}"
EndProject
Project("{FAE04EC0-301F-11D3-BF4B-00C04F79EFBC}") = "Tyuiu.SimkinOA.Sprint2.Task7.V14.Test", "Tyuiu.SimkinOA.Sprint2.Task7.V14.Test\Tyuiu.SimkinOA.Sprint2.Task7.V14.Test.csproj", "{A92456A1-C3B2-482B-99BC-0BD09CCED59B}"
EndProject
Global
	GlobalSection(SolutionConfigurationPlatforms) = preSolution
		Debug|Any CPU = Debug|Any CPU
		Release|Any CPU = Release|Any CPU
	EndGlobalSection
	GlobalSection(ProjectConfigurationPlatforms) = postSolution
		{E0933C2D-513A-4CEE-A70C-1AAB195033EB}.Debug|Any CPU.ActiveCfg = Debug|Any CPU
		{E0933C2D-513A-4CEE-A70C-1AAB195033EB}.Debug|Any CPU.Build.0 = Debug|Any CPU
		{E0933C2D-513A-4CEE-A70C-1AAB195033EB}.Release|Any CPU.ActiveCfg = Release|Any CPU
		{E0933C2D-513A-4CEE-A70C-1AAB195033EB}.Release|Any CPU.Build.0 = Release|Any CPU
		{F85C7C05-154B-4E4F-95BA-6E6D502964C9}.Debug|Any CPU.ActiveCfg = Debug|Any CPU
		{F85C7C05-154B-4E4F-95BA-6E6D502964C9}.Debug|Any CPU.Build.0 = Debug|Any CPU
		{F85C7C05-154B-4E4F-95BA-6E6D502964C9}.Release|Any CPU.ActiveCfg = Release|Any CPU
		{F85C7C05-154B-4E4F-95BA-6E6D502964C9}.Release|Any CPU.Build.0 = Release|Any CPU
		{6F050B56-94B8-4A2B-97F5-92262F337211}.Debug|Any CPU.ActiveCfg = Debug|Any CPU
		{6F050B56-94B8-4A2B-97F5-92262F337211}.Debug|Any CPU.Build.0 = Debug|Any CPU
		{6F050B56-94B8-4A2B-97F5-92262F337211}.Release|Any CPU.ActiveCfg = Release|Any CPU
		{6F050B56-94B8-4A2B-97F5-92262F337211}.Release|Any CPU.Build.0 = Release|Any CPU
		{01A8FDF8-7210-448C-8067-97B5BF5B7CB2}.Debug|Any CPU.ActiveCfg = Debug|Any CPU
		{01A8FDF8-7210-448C-8067-97B5BF5B7CB2}.Debug|Any CPU.Build.0 = Debug|Any CPU
		{01A8FDF8-7210-448C-8067-97B5BF5B7CB2}.Release|Any CPU.ActiveCfg = Release|Any CPU
		{01A8FDF8-7210-448C-8067-97B5BF5B7CB2}.Release|Any CPU.Build.0 = Release|Any CPU
		{20EA1079-838D-4ABE-A2B1-0F72289FAA95}.Debug|Any CPU.ActiveCfg = Debug|Any CPU
		{20EA1079-838D-4ABE-A2B1-0F72289FAA95}.Debug|Any CPU.Build.0 = Debug|Any CPU
		{20EA1079-838D-4ABE-A2B1-0F72289FAA95}.Release|Any CPU.ActiveCfg = Release|Any CPU
		{20EA1079-838D-4ABE-A2B1-0F72289FAA95}.Release|Any CPU.Build.0 = Release|Any CPU
		{3B345DE9-157F-4956-9E5F-CEA902FBDB8E}.Debug|Any CPU.ActiveCfg = Debug|Any CPU
		{3B345DE9-157F-4956-9E5F-CEA902FBDB8E}.Debug|Any CPU.Build.0 = Debug|Any CPU
		{3B345DE9-157F-4956-9E5F-CEA902FBDB8E}.Release|Any CPU.ActiveCfg = Release|Any CPU
		{3B345DE9-157F-4956-9E5F-CEA902FBDB8E}.Release|Any CPU.Build.0 = Release|Any CPU
		{7605901D-2446-461A-B83F-AFAF7BE2EAAB}.Debug|Any CPU.ActiveCfg = Debug|Any CPU
		{7605901D-2446-461A-B83F-AFAF7BE2EAAB}.Debug|Any CPU.Build.0 = Debug|Any CPU
		{7605901D-2446-461A-B83F-AFAF7BE2EAAB}.Release|Any CPU.ActiveCfg = Release|Any CPU
		{7605901D-2446-461A-B83F-AFAF7BE2EAAB}.Release|Any CPU.Build.0 = Release|Any CPU
		{978239E4-4B13-4D97-8497-87DEB9B8C25E}.Debug|Any CPU.ActiveCfg = Debug|Any CPU
		{978239E4-4B13-4D97-8497-87DEB9B8C25E}.Debug|Any CPU.Build.0 = Debug|Any CPU
		{978239E4-4B13-4D97-8497-87DEB9B8C25E}.Release|Any CPU.ActiveCfg = Release|Any CPU
		{978239E4-4B13-4D97-8497-87DEB9B8C25E}.Release|Any CPU.Build.0 = Release|Any CPU
		{EA8FD7DB-78EC-4300-BB05-7C3B571C5CE3}.Debug|Any CPU.ActiveCfg = Debug|Any CPU
		{EA8FD7DB-78EC-4300-BB05-7C3B571C5CE3}.Debug|Any CPU.Build.0 = Debug|Any CPU
		{EA8FD7DB-78EC-4300-BB05-7C3B571C5CE3}.Release|Any CPU.ActiveCfg = Release|Any CPU
		{EA8FD7DB-78EC-4300-BB05-7C3B571C5CE3}.Release|Any CPU.Build.0 = Release|Any CPU
		{0FD94970-95F1-47D9-8D9C-9739568D2BC8}.Debug|Any CPU.ActiveCfg = Debug|Any CPU
		{0FD94970-95F1-47D9-8D9C-9739568D2BC8}.Debug|Any CPU.Build.0 = Debug|Any CPU
		{0FD94970-95F1-47D9-8D9C-9739568D2BC8}.Release|Any CPU.ActiveCfg = Release|Any CPU
		{0FD94970-95F1-47D9-8D9C-9739568D2BC8}.Release|Any CPU.Build.0 = Release|Any CPU
		{96128223-C252-4097-9A16-6026177CE750}.Debug|Any CPU.ActiveCfg = Debug|Any CPU
		{96128223-C252-4097-9A16-6026177CE750}.Debug|Any CPU.Build.0 = Debug|Any CPU
		{96128223-C252-4097-9A16-6026177CE750}.Release|Any CPU.ActiveCfg = Release|Any CPU
		{96128223-C252-4097-9A16-6026177CE750}.Release|Any CPU.Build.0 = Release|Any CPU
		{AAA47CA9-2BE4-46C9-A40B-9734EFB65DA2}.Debug|Any CPU.ActiveCfg = Debug|Any CPU
		{AAA47CA9-2BE4-46C9-A40B-9734EFB65DA2}.Debug|Any CPU.Build.0 = Debug|Any CPU
		{AAA47CA9-2BE4-46C9-A40B-9734EFB65DA2}.Release|Any CPU.ActiveCfg = Release|Any CPU
		{AAA47CA9-2BE4-46C9-A40B-9734EFB65DA2}.Release|Any CPU.Build.0 = Release|Any CPU
		{D0503E86-2229-4A24-9040-BC6E268E32AE}.Debug|Any CPU.ActiveCfg = Debug|Any CPU
		{D0503E86-2229-4A24-9040-BC6E268E32AE}.Debug|Any CPU.Build.0 = Debug|Any CPU
		{D0503E86-2229-4A24-9040-BC6E268E32AE}.Release|Any CPU.ActiveCfg = Release|Any CPU
		{D0503E86-2229-4A24-9040-BC6E268E32AE}.Release|Any CPU.Build.0 = Release|Any CPU
		{0A877983-973A-443C-BB29-FA0E5A80C207}.Debug|Any CPU.ActiveCfg = Debug|Any CPU
		{0A877983-973A-443C-BB29-FA0E5A80C207}.Debug|Any CPU.Build.0 = Debug|Any CPU
		{0A877983-973A-443C-BB29-FA0E5A80C207}.Release|Any CPU.ActiveCfg = Release|Any CPU
		{0A877983-973A-443C-BB29-FA0E5A80C207}.Release|Any CPU.Build.0 = Release|Any CPU
		{FBD74803-4214-4DB2-8F99-7AD6B5797A79}.Debug|Any CPU.ActiveCfg = Debug|Any CPU
		{FBD74803-4214-4DB2-8F99-7AD6B5797A79}.Debug|Any CPU.Build.0 = Debug|Any CPU
		{FBD74803-4214-4DB2-8F99-7AD6B5797A79}.Release|Any CPU.ActiveCfg = Release|Any CPU
		{FBD74803-4214-4DB2-8F99-7AD6B5797A79}.Release|Any CPU.Build.0 = Release|Any CPU
		{7654F353-1CA6-4F7D-9BF4-93C6354C439C}.Debug|Any CPU.ActiveCfg = Debug|Any CPU
		{7654F353-1CA6-4F7D-9BF4-93C6354C439C}.Debug|Any CPU.Build.0 = Debug|Any CPU
		{7654F353-1CA6-4F7D-9BF4-93C6354C439C}.Release|Any CPU.ActiveCfg = Release|Any CPU
		{7654F353-1CA6-4F7D-9BF4-93C6354C439C}.Release|Any CPU.Build.0 = Release|Any CPU
		{12322AEF-8E0F-4F53-A09D-BA8EA27ED422}.Debug|Any CPU.ActiveCfg = Debug|Any CPU
		{12322AEF-8E0F-4F53-A09D-BA8EA27ED422}.Debug|Any CPU.Build.0 = Debug|Any CPU
		{12322AEF-8E0F-4F53-A09D-BA8EA27ED422}.Release|Any CPU.ActiveCfg = Release|Any CPU
		{12322AEF-8E0F-4F53-A09D-BA8EA27ED422}.Release|Any CPU.Build.0 = Release|Any CPU
		{50F988A1-C488-43E7-89CE-FAEC280626FC}.Debug|Any CPU.ActiveCfg = Debug|Any CPU
		{50F988A1-C488-43E7-89CE-FAEC280626FC}.Debug|Any CPU.Build.0 = Debug|Any CPU
		{50F988A1-C488-43E7-89CE-FAEC280626FC}.Release|Any CPU.ActiveCfg = Release|Any CPU
		{50F988A1-C488-43E7-89CE-FAEC280626FC}.Release|Any CPU.Build.0 = Release|Any CPU
		{2BC8E685-581C-4537-A2C6-0D936FD7D55E}.Debug|Any CPU.ActiveCfg = Debug|Any CPU
		{2BC8E685-581C-4537-A2C6-0D936FD7D55E}.Debug|Any CPU.Build.0 = Debug|Any CPU
		{2BC8E685-581C-4537-A2C6-0D936FD7D55E}.Release|Any CPU.ActiveCfg = Release|Any CPU
		{2BC8E685-581C-4537-A2C6-0D936FD7D55E}.Release|Any CPU.Build.0 = Release|Any CPU
		{12D7A4BE-BCE3-4514-83E9-567B6F46FE61}.Debug|Any CPU.ActiveCfg = Debug|Any CPU
		{12D7A4BE-BCE3-4514-83E9-567B6F46FE61}.Debug|Any CPU.Build.0 = Debug|Any CPU
		{12D7A4BE-BCE3-4514-83E9-567B6F46FE61}.Release|Any CPU.ActiveCfg = Release|Any CPU
		{12D7A4BE-BCE3-4514-83E9-567B6F46FE61}.Release|Any CPU.Build.0 = Release|Any CPU
		{DD3655D8-3B2F-47E1-AD6F-41555E52A867}.Debug|Any CPU.ActiveCfg = Debug|Any CPU
		{DD3655D8-3B2F-47E1-AD6F-41555E52A867}.Debug|Any CPU.Build.0 = Debug|Any CPU
		{DD3655D8-3B2F-47E1-AD6F-41555E52A867}.Release|Any CPU.ActiveCfg = Release|Any CPU
		{DD3655D8-3B2F-47E1-AD6F-41555E52A867}.Release|Any CPU.Build.0 = Release|Any CPU
		{F8B9A69D-FD85-4A61-9612-E531D5BA396B}.Debug|Any CPU.ActiveCfg = Debug|Any CPU
		{F8B9A69D-FD85-4A61-9612-E531D5BA396B}.Debug|Any CPU.Build.0 = Debug|Any CPU
		{F8B9A69D-FD85-4A61-9612-E531D5BA396B}.Release|Any CPU.ActiveCfg = Release|Any CPU
		{F8B9A69D-FD85-4A61-9612-E531D5BA396B}.Release|Any CPU.Build.0 = Release|Any CPU
		{96FDB491-A586-48CA-AFAA-88689DBE1AD5}.Debug|Any CPU.ActiveCfg = Debug|Any CPU
		{96FDB491-A586-48CA-AFAA-88689DBE1AD5}.Debug|Any CPU.Build.0 = Debug|Any CPU
		{96FDB491-A586-48CA-AFAA-88689DBE1AD5}.Release|Any CPU.ActiveCfg = Release|Any CPU
		{96FDB491-A586-48CA-AFAA-88689DBE1AD5}.Release|Any CPU.Build.0 = Release|Any CPU
		{A92456A1-C3B2-482B-99BC-0BD09CCED59B}.Debug|Any CPU.ActiveCfg = Debug|Any CPU
		{A92456A1-C3B2-482B-99BC-0BD09CCED59B}.Debug|Any CPU.Build.0 = Debug|Any CPU
		{A92456A1-C3B2-482B-99BC-0BD09CCED59B}.Release|Any CPU.ActiveCfg = Release|Any CPU
		{A92456A1-C3B2-482B-99BC-0BD09CCED59B}.Release|Any CPU.Build.0 = Release|Any CPU
	EndGlobalSection
	GlobalSection(SolutionProperties) = preSolution
		HideSolutionNode = FALSE
	EndGlobalSection
	GlobalSection(NestedProjects) = preSolution
		{E0933C2D-513A-4CEE-A70C-1AAB195033EB} = {36D591C7-65C7-A0D1-1CBC-10CDE441BDC8}
		{F85C7C05-154B-4E4F-95BA-6E6D502964C9} = {36D591C7-65C7-A0D1-1CBC-10CDE441BDC8}
		{6F050B56-94B8-4A2B-97F5-92262F337211} = {36D591C7-65C7-A0D1-1CBC-10CDE441BDC8}
		{01A8FDF8-7210-448C-8067-97B5BF5B7CB2} = {AF5A3417-8F48-4A0B-A002-EEBE33926A99}
		{20EA1079-838D-4ABE-A2B1-0F72289FAA95} = {AF5A3417-8F48-4A0B-A002-EEBE33926A99}
		{3B345DE9-157F-4956-9E5F-CEA902FBDB8E} = {AF5A3417-8F48-4A0B-A002-EEBE33926A99}
		{7605901D-2446-461A-B83F-AFAF7BE2EAAB} = {BA59766C-E5B7-4AB1-AC96-7F3EF83C1380}
		{978239E4-4B13-4D97-8497-87DEB9B8C25E} = {BA59766C-E5B7-4AB1-AC96-7F3EF83C1380}
		{EA8FD7DB-78EC-4300-BB05-7C3B571C5CE3} = {BA59766C-E5B7-4AB1-AC96-7F3EF83C1380}
		{0FD94970-95F1-47D9-8D9C-9739568D2BC8} = {B53C9FC7-9A14-4526-A170-ECD37DD9404D}
		{96128223-C252-4097-9A16-6026177CE750} = {B53C9FC7-9A14-4526-A170-ECD37DD9404D}
		{AAA47CA9-2BE4-46C9-A40B-9734EFB65DA2} = {B53C9FC7-9A14-4526-A170-ECD37DD9404D}
		{D0503E86-2229-4A24-9040-BC6E268E32AE} = {D17E9AF8-8413-462E-B6A5-D8E431BBF558}
		{0A877983-973A-443C-BB29-FA0E5A80C207} = {D17E9AF8-8413-462E-B6A5-D8E431BBF558}
		{FBD74803-4214-4DB2-8F99-7AD6B5797A79} = {D17E9AF8-8413-462E-B6A5-D8E431BBF558}
		{7654F353-1CA6-4F7D-9BF4-93C6354C439C} = {8A59659C-14F0-4987-A05E-7410251F2298}
		{12322AEF-8E0F-4F53-A09D-BA8EA27ED422} = {8A59659C-14F0-4987-A05E-7410251F2298}
		{50F988A1-C488-43E7-89CE-FAEC280626FC} = {8A59659C-14F0-4987-A05E-7410251F2298}
		{2BC8E685-581C-4537-A2C6-0D936FD7D55E} = {26F8BAE6-AA14-4439-A2E8-451E31C28B75}
		{12D7A4BE-BCE3-4514-83E9-567B6F46FE61} = {26F8BAE6-AA14-4439-A2E8-451E31C28B75}
		{DD3655D8-3B2F-47E1-AD6F-41555E52A867} = {26F8BAE6-AA14-4439-A2E8-451E31C28B75}
		{F8B9A69D-FD85-4A61-9612-E531D5BA396B} = {5F9921E6-AA0B-4C68-9AD2-5163820EE800}
		{96FDB491-A586-48CA-AFAA-88689DBE1AD5} = {5F9921E6-AA0B-4C68-9AD2-5163820EE800}
		{A92456A1-C3B2-482B-99BC-0BD09CCED59B} = {5F9921E6-AA0B-4C68-9AD2-5163820EE800}
	EndGlobalSection
	GlobalSection(ExtensibilityGlobals) = postSolution
		SolutionGuid = {5E523661-DD8D-4E5C-8E7F-72F6ECD9C2D1}
	EndGlobalSection
EndGlobal
